schema: '2.0'
stages:
  prepare:
    cmd: python3.13 src/prepare.py data/raw data/prepared
    deps:
    - path: data/raw
      hash: md5
      md5: af9fd12a49f28548b24377d89b597e22.dir
      size: 9405911
      nfiles: 1523
    - path: src/prepare.py
      hash: md5
      md5: ad24fb7c33a1746a143235fee5e341f8
      size: 2571
    - path: src/utils/seed.py
      hash: md5
      md5: 9b6211cbe2eb3991129e87b8a3169ea1
      size: 406
    params:
      params.yaml:
        prepare:
          seed: 5241
          split: 0.2
          image_size:
          - 32
          - 32
          grayscale: true
          batch_size: 32
    outs:
    - path: data/prepared
      hash: md5
      md5: 2fa5f06e42a7ae828fb15139c9b37675.dir
      size: 6277079
      nfiles: 8
  train:
    cmd: python3.13 src/train.py data/prepared model
    deps:
    - path: data/prepared
      hash: md5
      md5: 2fa5f06e42a7ae828fb15139c9b37675.dir
      size: 6277079
      nfiles: 8
    - path: src/train.py
      hash: md5
      md5: 901a51b4bf5f2f35eae8105ddd9f6089
      size: 4032
    - path: src/utils/seed.py
      hash: md5
      md5: 9b6211cbe2eb3991129e87b8a3169ea1
      size: 406
    params:
      params.yaml:
        train:
          seed: 5241
          lr: 0.001
          epochs: 20
          conv_size: 64
          dense_size: 128
          output_classes: 10
    outs:
    - path: model
      hash: md5
      md5: 2d41e30d18981912ce77cb2805daf682.dir
      size: 7690371
      nfiles: 2
  evaluate:
    cmd: python3.13 src/evaluate.py model data/prepared
    deps:
    - path: model
      hash: md5
      md5: 2d41e30d18981912ce77cb2805daf682.dir
      size: 7690371
      nfiles: 2
    - path: src/evaluate.py
      hash: md5
      md5: 90ae81d7a3b1a324af9f02e47eb430bc
      size: 5213
    outs:
    - path: evaluation/metrics.json
      hash: md5
      md5: cfd464d0b58df4e046a45c9d9c7692ba
      size: 159
    - path: evaluation/plots/confusion_matrix.png
      hash: md5
      md5: c0e454d9ae854870d8755cfa4ae7da8c
      size: 54305
    - path: evaluation/plots/pred_preview.png
      hash: md5
      md5: d96c4e7f36a1e5bdb66b24ae6a3528c0
      size: 51712
    - path: evaluation/plots/training_history.png
      hash: md5
      md5: f1f5f88b7c6004d23fd5250aaf75e5fe
      size: 41773
  build_reference:
    cmd: python3.13 src/build_reference.py data/prepared model 
      data/reference_features.parquet
    deps:
    - path: data/prepared
      hash: md5
      md5: 2fa5f06e42a7ae828fb15139c9b37675.dir
      size: 6277079
      nfiles: 8
    - path: model
      hash: md5
      md5: 2d41e30d18981912ce77cb2805daf682.dir
      size: 7690371
      nfiles: 2
    - path: src/build_reference.py
      hash: md5
      md5: 577060915b131f1e4e9827fa2b7015f5
      size: 2522
    - path: src/features.py
      hash: md5
      md5: 17f79086144348d1ddb06ac3b5d355af
      size: 2461
    outs:
    - path: data/reference_features.parquet
      hash: md5
      md5: 260b49c16f08f449c8553b614f7eda1f
      size: 466569
